
Microsoft Visual Studio Solution File, Format Version 12.00
# Visual Studio 15
VisualStudioVersion = 15.0.27703.2042
MinimumVisualStudioVersion = 10.0.40219.1
Project("{FAE04EC0-301F-11D3-BF4B-00C04F79EFBC}") = "addressbook-web-tests", "addressbook-web-tests\addressbook-web-tests.csproj", "{3A0BD906-8332-4B7C-84D1-B1F03CE9D53E}"
EndProject
Project("{FAE04EC0-301F-11D3-BF4B-00C04F79EFBC}") = "addressbook-test-data-generators", "addressbook-test-data-generators\addressbook-test-data-generators.csproj", "{3FDE791D-D5D2-4966-AD74-D45B3CE77FA1}"
	ProjectSection(ProjectDependencies) = postProject
		{3A0BD906-8332-4B7C-84D1-B1F03CE9D53E} = {3A0BD906-8332-4B7C-84D1-B1F03CE9D53E}
	EndProjectSection
EndProject
Global
	GlobalSection(SolutionConfigurationPlatforms) = preSolution
		Debug|Any CPU = Debug|Any CPU
		Release|Any CPU = Release|Any CPU
	EndGlobalSection
	GlobalSection(ProjectConfigurationPlatforms) = postSolution
		{3A0BD906-8332-4B7C-84D1-B1F03CE9D53E}.Debug|Any CPU.ActiveCfg = Debug|Any CPU
		{3A0BD906-8332-4B7C-84D1-B1F03CE9D53E}.Debug|Any CPU.Build.0 = Debug|Any CPU
		{3A0BD906-8332-4B7C-84D1-B1F03CE9D53E}.Release|Any CPU.ActiveCfg = Release|Any CPU
		{3A0BD906-8332-4B7C-84D1-B1F03CE9D53E}.Release|Any CPU.Build.0 = Release|Any CPU
		{3FDE791D-D5D2-4966-AD74-D45B3CE77FA1}.Debug|Any CPU.ActiveCfg = Debug|Any CPU
		{3FDE791D-D5D2-4966-AD74-D45B3CE77FA1}.Debug|Any CPU.Build.0 = Debug|Any CPU
		{3FDE791D-D5D2-4966-AD74-D45B3CE77FA1}.Release|Any CPU.ActiveCfg = Release|Any CPU
		{3FDE791D-D5D2-4966-AD74-D45B3CE77FA1}.Release|Any CPU.Build.0 = Release|Any CPU
	EndGlobalSection
	GlobalSection(SolutionProperties) = preSolution
		HideSolutionNode = FALSE
	EndGlobalSection
	GlobalSection(ExtensibilityGlobals) = postSolution
		SolutionGuid = {61436AFA-E67E-4939-8E4D-0937F207EB1B}
	EndGlobalSection
EndGlobal
